// !$*UTF8*$!
{
	archiveVersion = 1;
	classes = {
	};
	objectVersion = 50;
	objects = {

/* Begin PBXBuildFile section */
		4FF05AE826133AC000122E27 /* AppDelegate.swift in Sources */ = {isa = PBXBuildFile; fileRef = 4FF05AE726133AC000122E27 /* AppDelegate.swift */; };
		4FF05AEA26133AC000122E27 /* SceneDelegate.swift in Sources */ = {isa = PBXBuildFile; fileRef = 4FF05AE926133AC000122E27 /* SceneDelegate.swift */; };
		4FF05AEC26133AC000122E27 /* LoginTopViewController.swift in Sources */ = {isa = PBXBuildFile; fileRef = 4FF05AEB26133AC000122E27 /* LoginTopViewController.swift */; };
		4FF05AEF26133AC000122E27 /* Main.storyboard in Resources */ = {isa = PBXBuildFile; fileRef = 4FF05AED26133AC000122E27 /* Main.storyboard */; };
		4FF05AF126133AC100122E27 /* Assets.xcassets in Resources */ = {isa = PBXBuildFile; fileRef = 4FF05AF026133AC100122E27 /* Assets.xcassets */; };
		4FF05AF426133AC100122E27 /* LaunchScreen.storyboard in Resources */ = {isa = PBXBuildFile; fileRef = 4FF05AF226133AC100122E27 /* LaunchScreen.storyboard */; };
		4FF05AFF26133AC100122E27 /* MyToDoTests.swift in Sources */ = {isa = PBXBuildFile; fileRef = 4FF05AFE26133AC100122E27 /* MyToDoTests.swift */; };
		4FF05B0A26133AC200122E27 /* MyToDoUITests.swift in Sources */ = {isa = PBXBuildFile; fileRef = 4FF05B0926133AC200122E27 /* MyToDoUITests.swift */; };
		4FF05B2226135B3300122E27 /* AppCoordinator.swift in Sources */ = {isa = PBXBuildFile; fileRef = 4FF05B2126135B3300122E27 /* AppCoordinator.swift */; };
		4FF05B2726135B4700122E27 /* Coordinator.swift in Sources */ = {isa = PBXBuildFile; fileRef = 4FF05B2626135B4700122E27 /* Coordinator.swift */; };
		4FF05B2C26135BB000122E27 /* LoginTopCoordinator.swift in Sources */ = {isa = PBXBuildFile; fileRef = 4FF05B2B26135BB000122E27 /* LoginTopCoordinator.swift */; };
		4FF05B3226135BC600122E27 /* Common.swift in Sources */ = {isa = PBXBuildFile; fileRef = 4FF05B3126135BC600122E27 /* Common.swift */; };
		4FF05B3726135C0900122E27 /* Storyboarded.swift in Sources */ = {isa = PBXBuildFile; fileRef = 4FF05B3626135C0900122E27 /* Storyboarded.swift */; };
		4FF05B3C26135C6D00122E27 /* LoginTopViewModel.swift in Sources */ = {isa = PBXBuildFile; fileRef = 4FF05B3B26135C6C00122E27 /* LoginTopViewModel.swift */; };
		4FF05B4126135C7E00122E27 /* LoginTopViewModelProtocol.swift in Sources */ = {isa = PBXBuildFile; fileRef = 4FF05B4026135C7E00122E27 /* LoginTopViewModelProtocol.swift */; };
		4FF05B602613602800122E27 /* LoginTopModelProtocol.swift in Sources */ = {isa = PBXBuildFile; fileRef = 4FF05B5F2613602800122E27 /* LoginTopModelProtocol.swift */; };
		4FF05B652613610500122E27 /* LoginTopModel.swift in Sources */ = {isa = PBXBuildFile; fileRef = 4FF05B642613610500122E27 /* LoginTopModel.swift */; };
		4FF05B99261395D000122E27 /* APIConstants.swift in Sources */ = {isa = PBXBuildFile; fileRef = 4FF05B98261395D000122E27 /* APIConstants.swift */; };
/* End PBXBuildFile section */

/* Begin PBXContainerItemProxy section */
		4FF05AFB26133AC100122E27 /* PBXContainerItemProxy */ = {
			isa = PBXContainerItemProxy;
			containerPortal = 4FF05ADC26133AC000122E27 /* Project object */;
			proxyType = 1;
			remoteGlobalIDString = 4FF05AE326133AC000122E27;
			remoteInfo = MyToDo;
		};
		4FF05B0626133AC100122E27 /* PBXContainerItemProxy */ = {
			isa = PBXContainerItemProxy;
			containerPortal = 4FF05ADC26133AC000122E27 /* Project object */;
			proxyType = 1;
			remoteGlobalIDString = 4FF05AE326133AC000122E27;
			remoteInfo = MyToDo;
		};
/* End PBXContainerItemProxy section */

/* Begin PBXFileReference section */
		4FF05AE426133AC000122E27 /* MyToDo.app */ = {isa = PBXFileReference; explicitFileType = wrapper.application; includeInIndex = 0; path = MyToDo.app; sourceTree = BUILT_PRODUCTS_DIR; };
		4FF05AE726133AC000122E27 /* AppDelegate.swift */ = {isa = PBXFileReference; lastKnownFileType = sourcecode.swift; path = AppDelegate.swift; sourceTree = "<group>"; };
		4FF05AE926133AC000122E27 /* SceneDelegate.swift */ = {isa = PBXFileReference; lastKnownFileType = sourcecode.swift; path = SceneDelegate.swift; sourceTree = "<group>"; };
		4FF05AEB26133AC000122E27 /* LoginTopViewController.swift */ = {isa = PBXFileReference; lastKnownFileType = sourcecode.swift; path = LoginTopViewController.swift; sourceTree = "<group>"; };
		4FF05AEE26133AC000122E27 /* Base */ = {isa = PBXFileReference; lastKnownFileType = file.storyboard; name = Base; path = Base.lproj/Main.storyboard; sourceTree = "<group>"; };
		4FF05AF026133AC100122E27 /* Assets.xcassets */ = {isa = PBXFileReference; lastKnownFileType = folder.assetcatalog; path = Assets.xcassets; sourceTree = "<group>"; };
		4FF05AF326133AC100122E27 /* Base */ = {isa = PBXFileReference; lastKnownFileType = file.storyboard; name = Base; path = Base.lproj/LaunchScreen.storyboard; sourceTree = "<group>"; };
		4FF05AF526133AC100122E27 /* Info.plist */ = {isa = PBXFileReference; lastKnownFileType = text.plist.xml; path = Info.plist; sourceTree = "<group>"; };
		4FF05AFA26133AC100122E27 /* MyToDoTests.xctest */ = {isa = PBXFileReference; explicitFileType = wrapper.cfbundle; includeInIndex = 0; path = MyToDoTests.xctest; sourceTree = BUILT_PRODUCTS_DIR; };
		4FF05AFE26133AC100122E27 /* MyToDoTests.swift */ = {isa = PBXFileReference; lastKnownFileType = sourcecode.swift; path = MyToDoTests.swift; sourceTree = "<group>"; };
		4FF05B0026133AC100122E27 /* Info.plist */ = {isa = PBXFileReference; lastKnownFileType = text.plist.xml; path = Info.plist; sourceTree = "<group>"; };
		4FF05B0526133AC100122E27 /* MyToDoUITests.xctest */ = {isa = PBXFileReference; explicitFileType = wrapper.cfbundle; includeInIndex = 0; path = MyToDoUITests.xctest; sourceTree = BUILT_PRODUCTS_DIR; };
		4FF05B0926133AC200122E27 /* MyToDoUITests.swift */ = {isa = PBXFileReference; lastKnownFileType = sourcecode.swift; path = MyToDoUITests.swift; sourceTree = "<group>"; };
		4FF05B0B26133AC200122E27 /* Info.plist */ = {isa = PBXFileReference; lastKnownFileType = text.plist.xml; path = Info.plist; sourceTree = "<group>"; };
		4FF05B2126135B3300122E27 /* AppCoordinator.swift */ = {isa = PBXFileReference; fileEncoding = 4; lastKnownFileType = sourcecode.swift; path = AppCoordinator.swift; sourceTree = "<group>"; };
		4FF05B2626135B4700122E27 /* Coordinator.swift */ = {isa = PBXFileReference; fileEncoding = 4; lastKnownFileType = sourcecode.swift; path = Coordinator.swift; sourceTree = "<group>"; };
		4FF05B2B26135BB000122E27 /* LoginTopCoordinator.swift */ = {isa = PBXFileReference; fileEncoding = 4; lastKnownFileType = sourcecode.swift; path = LoginTopCoordinator.swift; sourceTree = "<group>"; };
		4FF05B3126135BC600122E27 /* Common.swift */ = {isa = PBXFileReference; fileEncoding = 4; lastKnownFileType = sourcecode.swift; path = Common.swift; sourceTree = "<group>"; };
		4FF05B3626135C0900122E27 /* Storyboarded.swift */ = {isa = PBXFileReference; fileEncoding = 4; lastKnownFileType = sourcecode.swift; path = Storyboarded.swift; sourceTree = "<group>"; };
		4FF05B3B26135C6C00122E27 /* LoginTopViewModel.swift */ = {isa = PBXFileReference; fileEncoding = 4; lastKnownFileType = sourcecode.swift; path = LoginTopViewModel.swift; sourceTree = "<group>"; };
		4FF05B4026135C7E00122E27 /* LoginTopViewModelProtocol.swift */ = {isa = PBXFileReference; fileEncoding = 4; lastKnownFileType = sourcecode.swift; path = LoginTopViewModelProtocol.swift; sourceTree = "<group>"; };
		4FF05B5F2613602800122E27 /* LoginTopModelProtocol.swift */ = {isa = PBXFileReference; fileEncoding = 4; lastKnownFileType = sourcecode.swift; path = LoginTopModelProtocol.swift; sourceTree = "<group>"; };
		4FF05B642613610500122E27 /* LoginTopModel.swift */ = {isa = PBXFileReference; fileEncoding = 4; lastKnownFileType = sourcecode.swift; path = LoginTopModel.swift; sourceTree = "<group>"; };
		4FF05B98261395D000122E27 /* APIConstants.swift */ = {isa = PBXFileReference; lastKnownFileType = sourcecode.swift; path = APIConstants.swift; sourceTree = "<group>"; };
/* End PBXFileReference section */

/* Begin PBXFrameworksBuildPhase section */
		4FF05AE126133AC000122E27 /* Frameworks */ = {
			isa = PBXFrameworksBuildPhase;
			buildActionMask = 2147483647;
			files = (
			);
			runOnlyForDeploymentPostprocessing = 0;
		};
		4FF05AF726133AC100122E27 /* Frameworks */ = {
			isa = PBXFrameworksBuildPhase;
			buildActionMask = 2147483647;
			files = (
			);
			runOnlyForDeploymentPostprocessing = 0;
		};
		4FF05B0226133AC100122E27 /* Frameworks */ = {
			isa = PBXFrameworksBuildPhase;
			buildActionMask = 2147483647;
			files = (
			);
			runOnlyForDeploymentPostprocessing = 0;
		};
/* End PBXFrameworksBuildPhase section */

/* Begin PBXGroup section */
		4FF05ADB26133AC000122E27 = {
			isa = PBXGroup;
			children = (
				4FF05AE626133AC000122E27 /* MyToDo */,
				4FF05AFD26133AC100122E27 /* MyToDoTests */,
				4FF05B0826133AC200122E27 /* MyToDoUITests */,
				4FF05AE526133AC000122E27 /* Products */,
			);
			sourceTree = "<group>";
		};
		4FF05AE526133AC000122E27 /* Products */ = {
			isa = PBXGroup;
			children = (
				4FF05AE426133AC000122E27 /* MyToDo.app */,
				4FF05AFA26133AC100122E27 /* MyToDoTests.xctest */,
				4FF05B0526133AC100122E27 /* MyToDoUITests.xctest */,
			);
			name = Products;
			sourceTree = "<group>";
		};
		4FF05AE626133AC000122E27 /* MyToDo */ = {
			isa = PBXGroup;
			children = (
				4FF05B1D26135B0800122E27 /* Models */,
				4FF05B1E26135B1100122E27 /* Views */,
				4FF05B1F26135B1600122E27 /* ViewModels */,
				4FF05B2026135B2100122E27 /* Coordinators */,
				4FF05B3026135BB600122E27 /* Commons */,
				4FF05B6F2613760A00122E27 /* DataProvider */,
				4FF05AE726133AC000122E27 /* AppDelegate.swift */,
				4FF05AE926133AC000122E27 /* SceneDelegate.swift */,
				4FF05AF026133AC100122E27 /* Assets.xcassets */,
				4FF05AF226133AC100122E27 /* LaunchScreen.storyboard */,
				4FF05AF526133AC100122E27 /* Info.plist */,
			);
			path = MyToDo;
			sourceTree = "<group>";
		};
		4FF05AFD26133AC100122E27 /* MyToDoTests */ = {
			isa = PBXGroup;
			children = (
				4FF05AFE26133AC100122E27 /* MyToDoTests.swift */,
				4FF05B0026133AC100122E27 /* Info.plist */,
			);
			path = MyToDoTests;
			sourceTree = "<group>";
		};
		4FF05B0826133AC200122E27 /* MyToDoUITests */ = {
			isa = PBXGroup;
			children = (
				4FF05B0926133AC200122E27 /* MyToDoUITests.swift */,
				4FF05B0B26133AC200122E27 /* Info.plist */,
			);
			path = MyToDoUITests;
			sourceTree = "<group>";
		};
		4FF05B1D26135B0800122E27 /* Models */ = {
			isa = PBXGroup;
			children = (
				4FF05B642613610500122E27 /* LoginTopModel.swift */,
				4FF05B5F2613602800122E27 /* LoginTopModelProtocol.swift */,
			);
			path = Models;
			sourceTree = "<group>";
		};
		4FF05B1E26135B1100122E27 /* Views */ = {
			isa = PBXGroup;
			children = (
				4FF05AEB26133AC000122E27 /* LoginTopViewController.swift */,
				4FF05AED26133AC000122E27 /* Main.storyboard */,
				4FF05B3626135C0900122E27 /* Storyboarded.swift */,
			);
			path = Views;
			sourceTree = "<group>";
		};
		4FF05B1F26135B1600122E27 /* ViewModels */ = {
			isa = PBXGroup;
			children = (
				4FF05B4026135C7E00122E27 /* LoginTopViewModelProtocol.swift */,
				4FF05B3B26135C6C00122E27 /* LoginTopViewModel.swift */,
			);
			path = ViewModels;
			sourceTree = "<group>";
		};
		4FF05B2026135B2100122E27 /* Coordinators */ = {
			isa = PBXGroup;
			children = (
				4FF05B2626135B4700122E27 /* Coordinator.swift */,
				4FF05B2126135B3300122E27 /* AppCoordinator.swift */,
				4FF05B2B26135BB000122E27 /* LoginTopCoordinator.swift */,
			);
			path = Coordinators;
			sourceTree = "<group>";
		};
		4FF05B3026135BB600122E27 /* Commons */ = {
			isa = PBXGroup;
			children = (
				4FF05B3126135BC600122E27 /* Common.swift */,
				4FF05B98261395D000122E27 /* APIConstants.swift */,
			);
			path = Commons;
			sourceTree = "<group>";
		};
		4FF05B6F2613760A00122E27 /* DataProvider */ = {
			isa = PBXGroup;
			children = (
			);
			path = DataProvider;
			sourceTree = "<group>";
		};
/* End PBXGroup section */

/* Begin PBXNativeTarget section */
		4FF05AE326133AC000122E27 /* MyToDo */ = {
			isa = PBXNativeTarget;
			buildConfigurationList = 4FF05B0E26133AC200122E27 /* Build configuration list for PBXNativeTarget "MyToDo" */;
			buildPhases = (
				4FF05AE026133AC000122E27 /* Sources */,
				4FF05AE126133AC000122E27 /* Frameworks */,
				4FF05AE226133AC000122E27 /* Resources */,
			);
			buildRules = (
			);
			dependencies = (
			);
			name = MyToDo;
			productName = MyToDo;
			productReference = 4FF05AE426133AC000122E27 /* MyToDo.app */;
			productType = "com.apple.product-type.application";
		};
		4FF05AF926133AC100122E27 /* MyToDoTests */ = {
			isa = PBXNativeTarget;
			buildConfigurationList = 4FF05B1126133AC200122E27 /* Build configuration list for PBXNativeTarget "MyToDoTests" */;
			buildPhases = (
				4FF05AF626133AC100122E27 /* Sources */,
				4FF05AF726133AC100122E27 /* Frameworks */,
				4FF05AF826133AC100122E27 /* Resources */,
			);
			buildRules = (
			);
			dependencies = (
				4FF05AFC26133AC100122E27 /* PBXTargetDependency */,
			);
			name = MyToDoTests;
			productName = MyToDoTests;
			productReference = 4FF05AFA26133AC100122E27 /* MyToDoTests.xctest */;
			productType = "com.apple.product-type.bundle.unit-test";
		};
		4FF05B0426133AC100122E27 /* MyToDoUITests */ = {
			isa = PBXNativeTarget;
			buildConfigurationList = 4FF05B1426133AC200122E27 /* Build configuration list for PBXNativeTarget "MyToDoUITests" */;
			buildPhases = (
				4FF05B0126133AC100122E27 /* Sources */,
				4FF05B0226133AC100122E27 /* Frameworks */,
				4FF05B0326133AC100122E27 /* Resources */,
			);
			buildRules = (
			);
			dependencies = (
				4FF05B0726133AC100122E27 /* PBXTargetDependency */,
			);
			name = MyToDoUITests;
			productName = MyToDoUITests;
			productReference = 4FF05B0526133AC100122E27 /* MyToDoUITests.xctest */;
			productType = "com.apple.product-type.bundle.ui-testing";
		};
/* End PBXNativeTarget section */

/* Begin PBXProject section */
		4FF05ADC26133AC000122E27 /* Project object */ = {
			isa = PBXProject;
			attributes = {
				LastSwiftUpdateCheck = 1230;
				LastUpgradeCheck = 1230;
				TargetAttributes = {
					4FF05AE326133AC000122E27 = {
						CreatedOnToolsVersion = 12.3;
					};
					4FF05AF926133AC100122E27 = {
						CreatedOnToolsVersion = 12.3;
						TestTargetID = 4FF05AE326133AC000122E27;
					};
					4FF05B0426133AC100122E27 = {
						CreatedOnToolsVersion = 12.3;
						TestTargetID = 4FF05AE326133AC000122E27;
					};
				};
			};
			buildConfigurationList = 4FF05ADF26133AC000122E27 /* Build configuration list for PBXProject "MyToDo" */;
			compatibilityVersion = "Xcode 9.3";
			developmentRegion = en;
			hasScannedForEncodings = 0;
			knownRegions = (
				en,
				Base,
			);
			mainGroup = 4FF05ADB26133AC000122E27;
			productRefGroup = 4FF05AE526133AC000122E27 /* Products */;
			projectDirPath = "";
			projectRoot = "";
			targets = (
				4FF05AE326133AC000122E27 /* MyToDo */,
				4FF05AF926133AC100122E27 /* MyToDoTests */,
				4FF05B0426133AC100122E27 /* MyToDoUITests */,
			);
		};
/* End PBXProject section */

/* Begin PBXResourcesBuildPhase section */
		4FF05AE226133AC000122E27 /* Resources */ = {
			isa = PBXResourcesBuildPhase;
			buildActionMask = 2147483647;
			files = (
				4FF05AF426133AC100122E27 /* LaunchScreen.storyboard in Resources */,
				4FF05AF126133AC100122E27 /* Assets.xcassets in Resources */,
				4FF05AEF26133AC000122E27 /* Main.storyboard in Resources */,
			);
			runOnlyForDeploymentPostprocessing = 0;
		};
		4FF05AF826133AC100122E27 /* Resources */ = {
			isa = PBXResourcesBuildPhase;
			buildActionMask = 2147483647;
			files = (
			);
			runOnlyForDeploymentPostprocessing = 0;
		};
		4FF05B0326133AC100122E27 /* Resources */ = {
			isa = PBXResourcesBuildPhase;
			buildActionMask = 2147483647;
			files = (
			);
			runOnlyForDeploymentPostprocessing = 0;
		};
/* End PBXResourcesBuildPhase section */

/* Begin PBXSourcesBuildPhase section */
		4FF05AE026133AC000122E27 /* Sources */ = {
			isa = PBXSourcesBuildPhase;
			buildActionMask = 2147483647;
			files = (
				4FF05B2C26135BB000122E27 /* LoginTopCoordinator.swift in Sources */,
				4FF05B2226135B3300122E27 /* AppCoordinator.swift in Sources */,
				4FF05B99261395D000122E27 /* APIConstants.swift in Sources */,
				4FF05AEC26133AC000122E27 /* LoginTopViewController.swift in Sources */,
				4FF05B652613610500122E27 /* LoginTopModel.swift in Sources */,
				4FF05B2726135B4700122E27 /* Coordinator.swift in Sources */,
				4FF05AE826133AC000122E27 /* AppDelegate.swift in Sources */,
				4FF05AEA26133AC000122E27 /* SceneDelegate.swift in Sources */,
				4FF05B602613602800122E27 /* LoginTopModelProtocol.swift in Sources */,
				4FF05B3226135BC600122E27 /* Common.swift in Sources */,
				4FF05B3726135C0900122E27 /* Storyboarded.swift in Sources */,
				4FF05B3C26135C6D00122E27 /* LoginTopViewModel.swift in Sources */,
				4FF05B4126135C7E00122E27 /* LoginTopViewModelProtocol.swift in Sources */,
			);
			runOnlyForDeploymentPostprocessing = 0;
		};
		4FF05AF626133AC100122E27 /* Sources */ = {
			isa = PBXSourcesBuildPhase;
			buildActionMask = 2147483647;
			files = (
				4FF05AFF26133AC100122E27 /* MyToDoTests.swift in Sources */,
			);
			runOnlyForDeploymentPostprocessing = 0;
		};
		4FF05B0126133AC100122E27 /* Sources */ = {
			isa = PBXSourcesBuildPhase;
			buildActionMask = 2147483647;
			files = (
				4FF05B0A26133AC200122E27 /* MyToDoUITests.swift in Sources */,
			);
			runOnlyForDeploymentPostprocessing = 0;
		};
/* End PBXSourcesBuildPhase section */

/* Begin PBXTargetDependency section */
		4FF05AFC26133AC100122E27 /* PBXTargetDependency */ = {
			isa = PBXTargetDependency;
			target = 4FF05AE326133AC000122E27 /* MyToDo */;
			targetProxy = 4FF05AFB26133AC100122E27 /* PBXContainerItemProxy */;
		};
		4FF05B0726133AC100122E27 /* PBXTargetDependency */ = {
			isa = PBXTargetDependency;
			target = 4FF05AE326133AC000122E27 /* MyToDo */;
			targetProxy = 4FF05B0626133AC100122E27 /* PBXContainerItemProxy */;
		};
/* End PBXTargetDependency section */

/* Begin PBXVariantGroup section */
		4FF05AED26133AC000122E27 /* Main.storyboard */ = {
			isa = PBXVariantGroup;
			children = (
				4FF05AEE26133AC000122E27 /* Base */,
			);
			name = Main.storyboard;
			sourceTree = "<group>";
		};
		4FF05AF226133AC100122E27 /* LaunchScreen.storyboard */ = {
			isa = PBXVariantGroup;
			children = (
				4FF05AF326133AC100122E27 /* Base */,
			);
			name = LaunchScreen.storyboard;
			sourceTree = "<group>";
		};
/* End PBXVariantGroup section */

/* Begin XCBuildConfiguration section */
		4FF05B0C26133AC200122E27 /* Debug */ = {
			isa = XCBuildConfiguration;
			buildSettings = {
				ALWAYS_SEARCH_USER_PATHS = NO;
				CLANG_ANALYZER_NONNULL = YES;
				CLANG_ANALYZER_NUMBER_OBJECT_CONVERSION = YES_AGGRESSIVE;
				CLANG_CXX_LANGUAGE_STANDARD = "gnu++14";
				CLANG_CXX_LIBRARY = "libc++";
				CLANG_ENABLE_MODULES = YES;
				CLANG_ENABLE_OBJC_ARC = YES;
				CLANG_ENABLE_OBJC_WEAK = YES;
				CLANG_WARN_BLOCK_CAPTURE_AUTORELEASING = YES;
				CLANG_WARN_BOOL_CONVERSION = YES;
				CLANG_WARN_COMMA = YES;
				CLANG_WARN_CONSTANT_CONVERSION = YES;
				CLANG_WARN_DEPRECATED_OBJC_IMPLEMENTATIONS = YES;
				CLANG_WARN_DIRECT_OBJC_ISA_USAGE = YES_ERROR;
				CLANG_WARN_DOCUMENTATION_COMMENTS = YES;
				CLANG_WARN_EMPTY_BODY = YES;
				CLANG_WARN_ENUM_CONVERSION = YES;
				CLANG_WARN_INFINITE_RECURSION = YES;
				CLANG_WARN_INT_CONVERSION = YES;
				CLANG_WARN_NON_LITERAL_NULL_CONVERSION = YES;
				CLANG_WARN_OBJC_IMPLICIT_RETAIN_SELF = YES;
				CLANG_WARN_OBJC_LITERAL_CONVERSION = YES;
				CLANG_WARN_OBJC_ROOT_CLASS = YES_ERROR;
				CLANG_WARN_QUOTED_INCLUDE_IN_FRAMEWORK_HEADER = YES;
				CLANG_WARN_RANGE_LOOP_ANALYSIS = YES;
				CLANG_WARN_STRICT_PROTOTYPES = YES;
				CLANG_WARN_SUSPICIOUS_MOVE = YES;
				CLANG_WARN_UNGUARDED_AVAILABILITY = YES_AGGRESSIVE;
				CLANG_WARN_UNREACHABLE_CODE = YES;
				CLANG_WARN__DUPLICATE_METHOD_MATCH = YES;
				COPY_PHASE_STRIP = NO;
				DEBUG_INFORMATION_FORMAT = dwarf;
				ENABLE_STRICT_OBJC_MSGSEND = YES;
				ENABLE_TESTABILITY = YES;
				GCC_C_LANGUAGE_STANDARD = gnu11;
				GCC_DYNAMIC_NO_PIC = NO;
				GCC_NO_COMMON_BLOCKS = YES;
				GCC_OPTIMIZATION_LEVEL = 0;
				GCC_PREPROCESSOR_DEFINITIONS = (
					"DEBUG=1",
					"$(inherited)",
				);
				GCC_WARN_64_TO_32_BIT_CONVERSION = YES;
				GCC_WARN_ABOUT_RETURN_TYPE = YES_ERROR;
				GCC_WARN_UNDECLARED_SELECTOR = YES;
				GCC_WARN_UNINITIALIZED_AUTOS = YES_AGGRESSIVE;
				GCC_WARN_UNUSED_FUNCTION = YES;
				GCC_WARN_UNUSED_VARIABLE = YES;
				IPHONEOS_DEPLOYMENT_TARGET = 14.3;
				MTL_ENABLE_DEBUG_INFO = INCLUDE_SOURCE;
				MTL_FAST_MATH = YES;
				ONLY_ACTIVE_ARCH = YES;
				SDKROOT = iphoneos;
				SWIFT_ACTIVE_COMPILATION_CONDITIONS = DEBUG;
				SWIFT_OPTIMIZATION_LEVEL = "-Onone";
			};
			name = Debug;
		};
		4FF05B0D26133AC200122E27 /* Release */ = {
			isa = XCBuildConfiguration;
			buildSettings = {
				ALWAYS_SEARCH_USER_PATHS = NO;
				CLANG_ANALYZER_NONNULL = YES;
				CLANG_ANALYZER_NUMBER_OBJECT_CONVERSION = YES_AGGRESSIVE;
				CLANG_CXX_LANGUAGE_STANDARD = "gnu++14";
				CLANG_CXX_LIBRARY = "libc++";
				CLANG_ENABLE_MODULES = YES;
				CLANG_ENABLE_OBJC_ARC = YES;
				CLANG_ENABLE_OBJC_WEAK = YES;
				CLANG_WARN_BLOCK_CAPTURE_AUTORELEASING = YES;
				CLANG_WARN_BOOL_CONVERSION = YES;
				CLANG_WARN_COMMA = YES;
				CLANG_WARN_CONSTANT_CONVERSION = YES;
				CLANG_WARN_DEPRECATED_OBJC_IMPLEMENTATIONS = YES;
				CLANG_WARN_DIRECT_OBJC_ISA_USAGE = YES_ERROR;
				CLANG_WARN_DOCUMENTATION_COMMENTS = YES;
				CLANG_WARN_EMPTY_BODY = YES;
				CLANG_WARN_ENUM_CONVERSION = YES;
				CLANG_WARN_INFINITE_RECURSION = YES;
				CLANG_WARN_INT_CONVERSION = YES;
				CLANG_WARN_NON_LITERAL_NULL_CONVERSION = YES;
				CLANG_WARN_OBJC_IMPLICIT_RETAIN_SELF = YES;
				CLANG_WARN_OBJC_LITERAL_CONVERSION = YES;
				CLANG_WARN_OBJC_ROOT_CLASS = YES_ERROR;
				CLANG_WARN_QUOTED_INCLUDE_IN_FRAMEWORK_HEADER = YES;
				CLANG_WARN_RANGE_LOOP_ANALYSIS = YES;
				CLANG_WARN_STRICT_PROTOTYPES = YES;
				CLANG_WARN_SUSPICIOUS_MOVE = YES;
				CLANG_WARN_UNGUARDED_AVAILABILITY = YES_AGGRESSIVE;
				CLANG_WARN_UNREACHABLE_CODE = YES;
				CLANG_WARN__DUPLICATE_METHOD_MATCH = YES;
				COPY_PHASE_STRIP = NO;
				DEBUG_INFORMATION_FORMAT = "dwarf-with-dsym";
				ENABLE_NS_ASSERTIONS = NO;
				ENABLE_STRICT_OBJC_MSGSEND = YES;
				GCC_C_LANGUAGE_STANDARD = gnu11;
				GCC_NO_COMMON_BLOCKS = YES;
				GCC_WARN_64_TO_32_BIT_CONVERSION = YES;
				GCC_WARN_ABOUT_RETURN_TYPE = YES_ERROR;
				GCC_WARN_UNDECLARED_SELECTOR = YES;
				GCC_WARN_UNINITIALIZED_AUTOS = YES_AGGRESSIVE;
				GCC_WARN_UNUSED_FUNCTION = YES;
				GCC_WARN_UNUSED_VARIABLE = YES;
				IPHONEOS_DEPLOYMENT_TARGET = 14.3;
				MTL_ENABLE_DEBUG_INFO = NO;
				MTL_FAST_MATH = YES;
				SDKROOT = iphoneos;
				SWIFT_COMPILATION_MODE = wholemodule;
				SWIFT_OPTIMIZATION_LEVEL = "-O";
				VALIDATE_PRODUCT = YES;
			};
			name = Release;
		};
		4FF05B0F26133AC200122E27 /* Debug */ = {
			isa = XCBuildConfiguration;
			buildSettings = {
				ASSETCATALOG_COMPILER_APPICON_NAME = AppIcon;
				ASSETCATALOG_COMPILER_GLOBAL_ACCENT_COLOR_NAME = AccentColor;
				CODE_SIGN_IDENTITY = "Apple Development";
				CODE_SIGN_STYLE = Automatic;
				DEVELOPMENT_TEAM = 38QG6YVYWC;
				INFOPLIST_FILE = MyToDo/Info.plist;
				IPHONEOS_DEPLOYMENT_TARGET = 13.2;
				LD_RUNPATH_SEARCH_PATHS = (
					"$(inherited)",
					"@executable_path/Frameworks",
				);
				PRODUCT_BUNDLE_IDENTIFIER = com.tkb.MyToDo;
				PRODUCT_NAME = "$(TARGET_NAME)";
				PROVISIONING_PROFILE_SPECIFIER = "";
				SWIFT_VERSION = 5.0;
				TARGETED_DEVICE_FAMILY = "1,2";
			};
			name = Debug;
		};
		4FF05B1026133AC200122E27 /* Release */ = {
			isa = XCBuildConfiguration;
			buildSettings = {
				ASSETCATALOG_COMPILER_APPICON_NAME = AppIcon;
				ASSETCATALOG_COMPILER_GLOBAL_ACCENT_COLOR_NAME = AccentColor;
				CODE_SIGN_IDENTITY = "Apple Development";
				CODE_SIGN_STYLE = Automatic;
				DEVELOPMENT_TEAM = 38QG6YVYWC;
				INFOPLIST_FILE = MyToDo/Info.plist;
				IPHONEOS_DEPLOYMENT_TARGET = 13.2;
				LD_RUNPATH_SEARCH_PATHS = (
					"$(inherited)",
					"@executable_path/Frameworks",
				);
				PRODUCT_BUNDLE_IDENTIFIER = com.tkb.MyToDo;
				PRODUCT_NAME = "$(TARGET_NAME)";
				PROVISIONING_PROFILE_SPECIFIER = "";
				SWIFT_VERSION = 5.0;
				TARGETED_DEVICE_FAMILY = "1,2";
			};
			name = Release;
		};
		4FF05B1226133AC200122E27 /* Debug */ = {
			isa = XCBuildConfiguration;
			buildSettings = {
				ALWAYS_EMBED_SWIFT_STANDARD_LIBRARIES = YES;
				BUNDLE_LOADER = "$(TEST_HOST)";
				CODE_SIGN_STYLE = Automatic;
				INFOPLIST_FILE = MyToDoTests/Info.plist;
				IPHONEOS_DEPLOYMENT_TARGET = 14.3;
				LD_RUNPATH_SEARCH_PATHS = (
					"$(inherited)",
					"@executable_path/Frameworks",
					"@loader_path/Frameworks",
				);
				PRODUCT_BUNDLE_IDENTIFIER = com.tkb.MyToDoTests;
				PRODUCT_NAME = "$(TARGET_NAME)";
				SWIFT_VERSION = 5.0;
				TARGETED_DEVICE_FAMILY = "1,2";
				TEST_HOST = "$(BUILT_PRODUCTS_DIR)/MyToDo.app/MyToDo";
			};
			name = Debug;
		};
		4FF05B1326133AC200122E27 /* Release */ = {
			isa = XCBuildConfiguration;
			buildSettings = {
				ALWAYS_EMBED_SWIFT_STANDARD_LIBRARIES = YES;
				BUNDLE_LOADER = "$(TEST_HOST)";
				CODE_SIGN_STYLE = Automatic;
				INFOPLIST_FILE = MyToDoTests/Info.plist;
				IPHONEOS_DEPLOYMENT_TARGET = 14.3;
				LD_RUNPATH_SEARCH_PATHS = (
					"$(inherited)",
					"@executable_path/Frameworks",
					"@loader_path/Frameworks",
				);
				PRODUCT_BUNDLE_IDENTIFIER = com.tkb.MyToDoTests;
				PRODUCT_NAME = "$(TARGET_NAME)";
				SWIFT_VERSION = 5.0;
				TARGETED_DEVICE_FAMILY = "1,2";
				TEST_HOST = "$(BUILT_PRODUCTS_DIR)/MyToDo.app/MyToDo";
			};
			name = Release;
		};
		4FF05B1526133AC200122E27 /* Debug */ = {
			isa = XCBuildConfiguration;
			buildSettings = {
				ALWAYS_EMBED_SWIFT_STANDARD_LIBRARIES = YES;
				CODE_SIGN_STYLE = Automatic;
				INFOPLIST_FILE = MyToDoUITests/Info.plist;
				LD_RUNPATH_SEARCH_PATHS = (
					"$(inherited)",
					"@executable_path/Frameworks",
					"@loader_path/Frameworks",
				);
				PRODUCT_BUNDLE_IDENTIFIER = com.tkb.MyToDoUITests;
				PRODUCT_NAME = "$(TARGET_NAME)";
				SWIFT_VERSION = 5.0;
				TARGETED_DEVICE_FAMILY = "1,2";
				TEST_TARGET_NAME = MyToDo;
			};
			name = Debug;
		};
		4FF05B1626133AC200122E27 /* Release */ = {
			isa = XCBuildConfiguration;
			buildSettings = {
				ALWAYS_EMBED_SWIFT_STANDARD_LIBRARIES = YES;
				CODE_SIGN_STYLE = Automatic;
				INFOPLIST_FILE = MyToDoUITests/Info.plist;
				LD_RUNPATH_SEARCH_PATHS = (
					"$(inherited)",
					"@executable_path/Frameworks",
					"@loader_path/Frameworks",
				);
				PRODUCT_BUNDLE_IDENTIFIER = com.tkb.MyToDoUITests;
				PRODUCT_NAME = "$(TARGET_NAME)";
				SWIFT_VERSION = 5.0;
				TARGETED_DEVICE_FAMILY = "1,2";
				TEST_TARGET_NAME = MyToDo;
			};
			name = Release;
		};
/* End XCBuildConfiguration section */

/* Begin XCConfigurationList section */
		4FF05ADF26133AC000122E27 /* Build configuration list for PBXProject "MyToDo" */ = {
			isa = XCConfigurationList;
			buildConfigurations = (
				4FF05B0C26133AC200122E27 /* Debug */,
				4FF05B0D26133AC200122E27 /* Release */,
			);
			defaultConfigurationIsVisible = 0;
			defaultConfigurationName = Release;
		};
		4FF05B0E26133AC200122E27 /* Build configuration list for PBXNativeTarget "MyToDo" */ = {
			isa = XCConfigurationList;
			buildConfigurations = (
				4FF05B0F26133AC200122E27 /* Debug */,
				4FF05B1026133AC200122E27 /* Release */,
			);
			defaultConfigurationIsVisible = 0;
			defaultConfigurationName = Release;
		};
		4FF05B1126133AC200122E27 /* Build configuration list for PBXNativeTarget "MyToDoTests" */ = {
			isa = XCConfigurationList;
			buildConfigurations = (
				4FF05B1226133AC200122E27 /* Debug */,
				4FF05B1326133AC200122E27 /* Release */,
			);
			defaultConfigurationIsVisible = 0;
			defaultConfigurationName = Release;
		};
		4FF05B1426133AC200122E27 /* Build configuration list for PBXNativeTarget "MyToDoUITests" */ = {
			isa = XCConfigurationList;
			buildConfigurations = (
				4FF05B1526133AC200122E27 /* Debug */,
				4FF05B1626133AC200122E27 /* Release */,
			);
			defaultConfigurationIsVisible = 0;
			defaultConfigurationName = Release;
		};
/* End XCConfigurationList section */
	};
	rootObject = 4FF05ADC26133AC000122E27 /* Project object */;
}
